
Microsoft Visual Studio Solution File, Format Version 12.00
# Visual Studio Version 17
VisualStudioVersion = 17.11.35327.3
MinimumVisualStudioVersion = 10.0.40219.1
Project("{FAE04EC0-301F-11D3-BF4B-00C04F79EFBC}") = "SCARA", "SCARA\SCARA.csproj", "{AF9B7749-B87E-4CE1-8900-26A01089E672}"
EndProject
Global
	GlobalSection(SolutionConfigurationPlatforms) = preSolution
		Debug|Any CPU = Debug|Any CPU
		Release|Any CPU = Release|Any CPU
	EndGlobalSection
	GlobalSection(ProjectConfigurationPlatforms) = postSolution
		{AF9B7749-B87E-4CE1-8900-26A01089E672}.Debug|Any CPU.ActiveCfg = Debug|Any CPU
		{AF9B7749-B87E-4CE1-8900-26A01089E672}.Debug|Any CPU.Build.0 = Debug|Any CPU
		{AF9B7749-B87E-4CE1-8900-26A01089E672}.Release|Any CPU.ActiveCfg = Release|Any CPU
		{AF9B7749-B87E-4CE1-8900-26A01089E672}.Release|Any CPU.Build.0 = Release|Any CPU
	EndGlobalSection
	GlobalSection(SolutionProperties) = preSolution
		HideSolutionNode = FALSE
	EndGlobalSection
	GlobalSection(ExtensibilityGlobals) = postSolution
		SolutionGuid = {1E36141B-1E0B-4F0D-BAF3-C23F027ACD5F}
	EndGlobalSection
EndGlobal
